{
  "originHash" : "b935d90f48c8e6f7672b4ae0719172808cdb8aba4195648970ddd6e27ce94752",
  "pins" : [
    {
      "identity" : "papersaver",
      "kind" : "remoteSourceControl",
      "location" : "https://github.com/AerialScreensaver/PaperSaver.git",
      "state" : {
        "revision" : "1f10d1537fdfa2df8165b46572a9de491ce2d084",
        "version" : "0.2.0"
      }
    },
    {
      "identity" : "sparkle",
      "kind" : "remoteSourceControl",
      "location" : "https://github.com/sparkle-project/Sparkle",
      "state" : {
        "revision" : "ac2def288cbff5cfc7df3ffef6abdf45b72bcb0a",
        "version" : "2.9.6"
      }
    },
    {
      "identity" : "swift-argument-parser",
      "kind" : "remoteSourceControl",
      "location" : "https://github.com/apple/swift-argument-parser",
      "state" : {
        "revision" : "c5d11a805e765f52ba34ec7284bd4fcd6ba68615",
        "version" : "1.7.0"
      }
    }
  ],
  "version" : 3
}
